
Microsoft Visual Studio Solution File, Format Version 12.00
# Visual Studio Version 16
VisualStudioVersion = 16.0.30717.126
MinimumVisualStudioVersion = 10.0.40219.1
Project("{FAE04EC0-301F-11D3-BF4B-00C04F79EFBC}") = "Demotivatorer", "Demotivatorer.csproj", "{F73F56D0-00EE-4F32-9245-F7D04E63DFFB}"
EndProject
Global
	GlobalSection(SolutionConfigurationPlatforms) = preSolution
		Debug|Any CPU = Debug|Any CPU
		Release|Any CPU = Release|Any CPU
	EndGlobalSection
	GlobalSection(ProjectConfigurationPlatforms) = postSolution
		{F73F56D0-00EE-4F32-9245-F7D04E63DFFB}.Debug|Any CPU.ActiveCfg = Debug|Any CPU
		{F73F56D0-00EE-4F32-9245-F7D04E63DFFB}.Debug|Any CPU.Build.0 = Debug|Any CPU
		{F73F56D0-00EE-4F32-9245-F7D04E63DFFB}.Release|Any CPU.ActiveCfg = Release|Any CPU
		{F73F56D0-00EE-4F32-9245-F7D04E63DFFB}.Release|Any CPU.Build.0 = Release|Any CPU
	EndGlobalSection
	GlobalSection(SolutionProperties) = preSolution
		HideSolutionNode = FALSE
	EndGlobalSection
	GlobalSection(ExtensibilityGlobals) = postSolution
		SolutionGuid = {0714134C-A97B-487B-B6E4-6A14233E9F63}
	EndGlobalSection
EndGlobal
